
Microsoft Visual Studio Solution File, Format Version 12.00
# Visual Studio Version 16
VisualStudioVersion = 16.0.34114.132
MinimumVisualStudioVersion = 10.0.40219.1
Project("{888888A0-9F3D-457C-B088-3A5042F75D52}") = "Game states wth inheritance", "Game states wth inheritance\Game states wth inheritance.pyproj", "{748240B6-8DD0-4786-8971-550EB6C3FD77}"
EndProject
Global
	GlobalSection(SolutionConfigurationPlatforms) = preSolution
		Debug|Any CPU = Debug|Any CPU
		Release|Any CPU = Release|Any CPU
	EndGlobalSection
	GlobalSection(ProjectConfigurationPlatforms) = postSolution
		{748240B6-8DD0-4786-8971-550EB6C3FD77}.Debug|Any CPU.ActiveCfg = Debug|Any CPU
		{748240B6-8DD0-4786-8971-550EB6C3FD77}.Release|Any CPU.ActiveCfg = Release|Any CPU
	EndGlobalSection
	GlobalSection(SolutionProperties) = preSolution
		HideSolutionNode = FALSE
	EndGlobalSection
	GlobalSection(ExtensibilityGlobals) = postSolution
		SolutionGuid = {A1103918-46C5-40B4-9AF8-ED99BB8C3F87}
	EndGlobalSection
EndGlobal
